{
	"name": "tests",
	"version": "1.0.0",
	"lockfileVersion": 2,
	"requires": true,
	"packages": {
		"": {
			"name": "tests",
			"version": "1.0.0",
			"license": "ISC",
			"dependencies": {
				"@rbxts/compiler-types": "^3.0.0-types.0",
				"@rbxts/services": "^1.1.2",
				"@rbxts/testez": "^0.3.1-ts.6",
				"@rbxts/types": "^1.0.807"
			}
		},
		"node_modules/@rbxts/compiler-types": {
			"version": "3.0.0-types.0",
			"resolved": "https://registry.npmjs.org/@rbxts/compiler-types/-/compiler-types-3.0.0-types.0.tgz",
			"integrity": "sha512-VGOHJPoL7+56NTatMGqQj3K7xWuzEV+aP4QD5vZiHu+bcff3kiTmtoadaF6NkJrmwfFAvbsd4Dg764ZjWNceag==",
			"license": "MIT"
		},
		"node_modules/@rbxts/services": {
			"version": "1.1.2",
			"resolved": "https://registry.npmjs.org/@rbxts/services/-/services-1.1.2.tgz",
			"integrity": "sha512-vxlo00Q/F1Yq3yGa5jisI1lkWuByJzLs2rfidA4e0wkLCBR0Od+BG55TBMzptCVUZjHUSefif4Mtl3d3a6IxyA=="
		},
		"node_modules/@rbxts/testez": {
			"version": "0.3.1-ts.6",
			"resolved": "https://registry.npmjs.org/@rbxts/testez/-/testez-0.3.1-ts.6.tgz",
			"integrity": "sha512-WiiRmYF1bvq4rgiXpzAgvgajZ+Iq49b+d0ki+WrqflUMuDTpUfBduqEWg1bS5t1KAZ22OHfH2pjeqwXwlaif8w=="
		},
		"node_modules/@rbxts/types": {
			"version": "1.0.807",
			"resolved": "https://registry.npmjs.org/@rbxts/types/-/types-1.0.807.tgz",
			"integrity": "sha512-ccP1spigHvwZJxmq+5lhJG5XYygz2G/6q32KUPjCpo05NoJKq/1FWqxgh+ZI13OfphhFJVCDBbeaIs4OhsiXsQ==",
			"license": "MIT"
		}
	},
	"dependencies": {
		"@rbxts/compiler-types": {
			"version": "3.0.0-types.0",
			"resolved": "https://registry.npmjs.org/@rbxts/compiler-types/-/compiler-types-3.0.0-types.0.tgz",
			"integrity": "sha512-VGOHJPoL7+56NTatMGqQj3K7xWuzEV+aP4QD5vZiHu+bcff3kiTmtoadaF6NkJrmwfFAvbsd4Dg764ZjWNceag=="
		},
		"@rbxts/services": {
			"version": "1.1.2",
			"resolved": "https://registry.npmjs.org/@rbxts/services/-/services-1.1.2.tgz",
			"integrity": "sha512-vxlo00Q/F1Yq3yGa5jisI1lkWuByJzLs2rfidA4e0wkLCBR0Od+BG55TBMzptCVUZjHUSefif4Mtl3d3a6IxyA=="
		},
		"@rbxts/testez": {
			"version": "0.3.1-ts.6",
			"resolved": "https://registry.npmjs.org/@rbxts/testez/-/testez-0.3.1-ts.6.tgz",
			"integrity": "sha512-WiiRmYF1bvq4rgiXpzAgvgajZ+Iq49b+d0ki+WrqflUMuDTpUfBduqEWg1bS5t1KAZ22OHfH2pjeqwXwlaif8w=="
		},
		"@rbxts/types": {
			"version": "1.0.807",
			"resolved": "https://registry.npmjs.org/@rbxts/types/-/types-1.0.807.tgz",
			"integrity": "sha512-ccP1spigHvwZJxmq+5lhJG5XYygz2G/6q32KUPjCpo05NoJKq/1FWqxgh+ZI13OfphhFJVCDBbeaIs4OhsiXsQ=="
		}
	}
}
